// !$*UTF8*$!
{
	archiveVersion = 1;
	classes = {
	};
	objectVersion = 47;
	objects = {

/* Begin PBXBuildFile section */
		6A526BF1D50E8868BBA6C3C0 /* Pods_Resto.framework in Frameworks */ = {isa = PBXBuildFile; fileRef = 49EBF4FA24116318A10DF768 /* Pods_Resto.framework */; };
		7E34B9251F2851EE00F5E126 /* MenuItemList.json in Resources */ = {isa = PBXBuildFile; fileRef = 7E34B9241F28514E00F5E126 /* MenuItemList.json */; };
		7E34B9281F28542200F5E126 /* SuggessionItemCollectionViewCell.swift in Sources */ = {isa = PBXBuildFile; fileRef = 7E34B9261F28542200F5E126 /* SuggessionItemCollectionViewCell.swift */; };
		7E34B9291F28542200F5E126 /* SuggessionItemCollectionViewCell.xib in Resources */ = {isa = PBXBuildFile; fileRef = 7E34B9271F28542200F5E126 /* SuggessionItemCollectionViewCell.xib */; };
		7E34B92D1F287AAF00F5E126 /* AppManager.swift in Sources */ = {isa = PBXBuildFile; fileRef = 7E34B92C1F287AAF00F5E126 /* AppManager.swift */; };
		7E34B92F1F287C6300F5E126 /* OrderItem.swift in Sources */ = {isa = PBXBuildFile; fileRef = 7E34B92E1F287C6300F5E126 /* OrderItem.swift */; };
		7E34B9321F28A8E500F5E126 /* OrderItemTableViewCell.swift in Sources */ = {isa = PBXBuildFile; fileRef = 7E34B9301F28A8E500F5E126 /* OrderItemTableViewCell.swift */; };
		7E34B9331F28A8E500F5E126 /* OrderItemTableViewCell.xib in Resources */ = {isa = PBXBuildFile; fileRef = 7E34B9311F28A8E500F5E126 /* OrderItemTableViewCell.xib */; };
		7E9FEB261F274ABD0086897B /* MenuItem.swift in Sources */ = {isa = PBXBuildFile; fileRef = 7E9FEB251F274ABD0086897B /* MenuItem.swift */; };
		7E9FEB2F1F2755DA0086897B /* MenuItemTableViewCell.swift in Sources */ = {isa = PBXBuildFile; fileRef = 7E9FEB2D1F2755DA0086897B /* MenuItemTableViewCell.swift */; };
		7E9FEB301F2755DA0086897B /* MenuItemTableViewCell.xib in Resources */ = {isa = PBXBuildFile; fileRef = 7E9FEB2E1F2755DA0086897B /* MenuItemTableViewCell.xib */; };
		7EF2424E1F2B6F1800A76398 /* Utilities.swift in Sources */ = {isa = PBXBuildFile; fileRef = 7EF2424D1F2B6F1800A76398 /* Utilities.swift */; };
		CAD3C6C71F1F394C00B6F5D0 /* MenuPreviewViewController.swift in Sources */ = {isa = PBXBuildFile; fileRef = CAD3C6C61F1F394C00B6F5D0 /* MenuPreviewViewController.swift */; };
		CAE186B61F1DF5E00002B182 /* PlaceOrderViewController.swift in Sources */ = {isa = PBXBuildFile; fileRef = CAE186B51F1DF5E00002B182 /* PlaceOrderViewController.swift */; };
		CAE186B81F1E07AC0002B182 /* HomeViewController.swift in Sources */ = {isa = PBXBuildFile; fileRef = CAE186B71F1E07AC0002B182 /* HomeViewController.swift */; };
		CAE186BA1F1E33AA0002B182 /* Router.swift in Sources */ = {isa = PBXBuildFile; fileRef = CAE186B91F1E33AA0002B182 /* Router.swift */; };
		CAF04F7B1F1CAFE900A7E93A /* AppDelegate.swift in Sources */ = {isa = PBXBuildFile; fileRef = CAF04F7A1F1CAFE900A7E93A /* AppDelegate.swift */; };
		CAF04F801F1CAFE900A7E93A /* Main.storyboard in Resources */ = {isa = PBXBuildFile; fileRef = CAF04F7E1F1CAFE900A7E93A /* Main.storyboard */; };
		CAF04F821F1CAFE900A7E93A /* Assets.xcassets in Resources */ = {isa = PBXBuildFile; fileRef = CAF04F811F1CAFE900A7E93A /* Assets.xcassets */; };
		CAF04F851F1CAFE900A7E93A /* LaunchScreen.storyboard in Resources */ = {isa = PBXBuildFile; fileRef = CAF04F831F1CAFE900A7E93A /* LaunchScreen.storyboard */; };
		CAF04F8E1F1CB79700A7E93A /* MenuTableViewController.swift in Sources */ = {isa = PBXBuildFile; fileRef = CAF04F8D1F1CB79700A7E93A /* MenuTableViewController.swift */; };
		CAF04F901F1CB7B100A7E93A /* MenuDetailsViewController.swift in Sources */ = {isa = PBXBuildFile; fileRef = CAF04F8F1F1CB7B100A7E93A /* MenuDetailsViewController.swift */; };
/* End PBXBuildFile section */

/* Begin PBXFileReference section */
		49EBF4FA24116318A10DF768 /* Pods_Resto.framework */ = {isa = PBXFileReference; explicitFileType = wrapper.framework; includeInIndex = 0; path = Pods_Resto.framework; sourceTree = BUILT_PRODUCTS_DIR; };
		62020DAED47F67CC4E00AEEB /* Pods-Resto.debug.xcconfig */ = {isa = PBXFileReference; includeInIndex = 1; lastKnownFileType = text.xcconfig; name = "Pods-Resto.debug.xcconfig"; path = "Pods/Target Support Files/Pods-Resto/Pods-Resto.debug.xcconfig"; sourceTree = "<group>"; };
		777EEEEBD8A4E6BAFB15ED5D /* Pods-Resto.release.xcconfig */ = {isa = PBXFileReference; includeInIndex = 1; lastKnownFileType = text.xcconfig; name = "Pods-Resto.release.xcconfig"; path = "Pods/Target Support Files/Pods-Resto/Pods-Resto.release.xcconfig"; sourceTree = "<group>"; };
		7E34B9241F28514E00F5E126 /* MenuItemList.json */ = {isa = PBXFileReference; lastKnownFileType = text.json; path = MenuItemList.json; sourceTree = "<group>"; };
		7E34B9261F28542200F5E126 /* SuggessionItemCollectionViewCell.swift */ = {isa = PBXFileReference; lastKnownFileType = sourcecode.swift; path = SuggessionItemCollectionViewCell.swift; sourceTree = "<group>"; };
		7E34B9271F28542200F5E126 /* SuggessionItemCollectionViewCell.xib */ = {isa = PBXFileReference; lastKnownFileType = file.xib; path = SuggessionItemCollectionViewCell.xib; sourceTree = "<group>"; };
		7E34B92C1F287AAF00F5E126 /* AppManager.swift */ = {isa = PBXFileReference; lastKnownFileType = sourcecode.swift; path = AppManager.swift; sourceTree = "<group>"; };
		7E34B92E1F287C6300F5E126 /* OrderItem.swift */ = {isa = PBXFileReference; lastKnownFileType = sourcecode.swift; path = OrderItem.swift; sourceTree = "<group>"; };
		7E34B9301F28A8E500F5E126 /* OrderItemTableViewCell.swift */ = {isa = PBXFileReference; lastKnownFileType = sourcecode.swift; path = OrderItemTableViewCell.swift; sourceTree = "<group>"; };
		7E34B9311F28A8E500F5E126 /* OrderItemTableViewCell.xib */ = {isa = PBXFileReference; lastKnownFileType = file.xib; path = OrderItemTableViewCell.xib; sourceTree = "<group>"; };
		7E9FEB251F274ABD0086897B /* MenuItem.swift */ = {isa = PBXFileReference; lastKnownFileType = sourcecode.swift; path = MenuItem.swift; sourceTree = "<group>"; };
		7E9FEB2D1F2755DA0086897B /* MenuItemTableViewCell.swift */ = {isa = PBXFileReference; lastKnownFileType = sourcecode.swift; path = MenuItemTableViewCell.swift; sourceTree = "<group>"; };
		7E9FEB2E1F2755DA0086897B /* MenuItemTableViewCell.xib */ = {isa = PBXFileReference; lastKnownFileType = file.xib; path = MenuItemTableViewCell.xib; sourceTree = "<group>"; };
		7EF2424D1F2B6F1800A76398 /* Utilities.swift */ = {isa = PBXFileReference; lastKnownFileType = sourcecode.swift; path = Utilities.swift; sourceTree = "<group>"; };
		CAD3C6C61F1F394C00B6F5D0 /* MenuPreviewViewController.swift */ = {isa = PBXFileReference; lastKnownFileType = sourcecode.swift; path = MenuPreviewViewController.swift; sourceTree = "<group>"; };
		CAE186B51F1DF5E00002B182 /* PlaceOrderViewController.swift */ = {isa = PBXFileReference; lastKnownFileType = sourcecode.swift; path = PlaceOrderViewController.swift; sourceTree = "<group>"; };
		CAE186B71F1E07AC0002B182 /* HomeViewController.swift */ = {isa = PBXFileReference; lastKnownFileType = sourcecode.swift; path = HomeViewController.swift; sourceTree = "<group>"; };
		CAE186B91F1E33AA0002B182 /* Router.swift */ = {isa = PBXFileReference; lastKnownFileType = sourcecode.swift; path = Router.swift; sourceTree = "<group>"; };
		CAF04F771F1CAFE900A7E93A /* Resto.app */ = {isa = PBXFileReference; explicitFileType = wrapper.application; includeInIndex = 0; path = Resto.app; sourceTree = BUILT_PRODUCTS_DIR; };
		CAF04F7A1F1CAFE900A7E93A /* AppDelegate.swift */ = {isa = PBXFileReference; lastKnownFileType = sourcecode.swift; path = AppDelegate.swift; sourceTree = "<group>"; };
		CAF04F7F1F1CAFE900A7E93A /* Base */ = {isa = PBXFileReference; lastKnownFileType = file.storyboard; name = Base; path = Base.lproj/Main.storyboard; sourceTree = "<group>"; };
		CAF04F811F1CAFE900A7E93A /* Assets.xcassets */ = {isa = PBXFileReference; lastKnownFileType = folder.assetcatalog; path = Assets.xcassets; sourceTree = "<group>"; };
		CAF04F841F1CAFE900A7E93A /* Base */ = {isa = PBXFileReference; lastKnownFileType = file.storyboard; name = Base; path = Base.lproj/LaunchScreen.storyboard; sourceTree = "<group>"; };
		CAF04F861F1CAFE900A7E93A /* Info.plist */ = {isa = PBXFileReference; lastKnownFileType = text.plist.xml; path = Info.plist; sourceTree = "<group>"; };
		CAF04F8D1F1CB79700A7E93A /* MenuTableViewController.swift */ = {isa = PBXFileReference; lastKnownFileType = sourcecode.swift; path = MenuTableViewController.swift; sourceTree = "<group>"; };
		CAF04F8F1F1CB7B100A7E93A /* MenuDetailsViewController.swift */ = {isa = PBXFileReference; lastKnownFileType = sourcecode.swift; path = MenuDetailsViewController.swift; sourceTree = "<group>"; };
/* End PBXFileReference section */

/* Begin PBXFrameworksBuildPhase section */
		CAF04F741F1CAFE900A7E93A /* Frameworks */ = {
			isa = PBXFrameworksBuildPhase;
			buildActionMask = 2147483647;
			files = (
				6A526BF1D50E8868BBA6C3C0 /* Pods_Resto.framework in Frameworks */,
			);
			runOnlyForDeploymentPostprocessing = 0;
		};
/* End PBXFrameworksBuildPhase section */

/* Begin PBXGroup section */
		40F4E75401B37E8C78110CD0 /* Pods */ = {
			isa = PBXGroup;
			children = (
				62020DAED47F67CC4E00AEEB /* Pods-Resto.debug.xcconfig */,
				777EEEEBD8A4E6BAFB15ED5D /* Pods-Resto.release.xcconfig */,
			);
			name = Pods;
			sourceTree = "<group>";
		};
		7E9FEB241F274AA80086897B /* Model */ = {
			isa = PBXGroup;
			children = (
				7E9FEB251F274ABD0086897B /* MenuItem.swift */,
				7E34B92E1F287C6300F5E126 /* OrderItem.swift */,
			);
			path = Model;
			sourceTree = "<group>";
		};
		7E9FEB2C1F2755C20086897B /* Views */ = {
			isa = PBXGroup;
			children = (
				7E9FEB2D1F2755DA0086897B /* MenuItemTableViewCell.swift */,
				7E9FEB2E1F2755DA0086897B /* MenuItemTableViewCell.xib */,
				7E34B9261F28542200F5E126 /* SuggessionItemCollectionViewCell.swift */,
				7E34B9271F28542200F5E126 /* SuggessionItemCollectionViewCell.xib */,
				7E34B9301F28A8E500F5E126 /* OrderItemTableViewCell.swift */,
				7E34B9311F28A8E500F5E126 /* OrderItemTableViewCell.xib */,
			);
			path = Views;
			sourceTree = "<group>";
		};
		CAE186B41F1DF5BE0002B182 /* PlaceOrder */ = {
			isa = PBXGroup;
			children = (
				CAE186B51F1DF5E00002B182 /* PlaceOrderViewController.swift */,
			);
			path = PlaceOrder;
			sourceTree = "<group>";
		};
		CAF04F6E1F1CAFE900A7E93A = {
			isa = PBXGroup;
			children = (
				CAF04F791F1CAFE900A7E93A /* Resto */,
				CAF04F781F1CAFE900A7E93A /* Products */,
				40F4E75401B37E8C78110CD0 /* Pods */,
				D99319AD1140D4E200A24127 /* Frameworks */,
			);
			sourceTree = "<group>";
		};
		CAF04F781F1CAFE900A7E93A /* Products */ = {
			isa = PBXGroup;
			children = (
				CAF04F771F1CAFE900A7E93A /* Resto.app */,
			);
			name = Products;
			sourceTree = "<group>";
		};
		CAF04F791F1CAFE900A7E93A /* Resto */ = {
			isa = PBXGroup;
			children = (
				7E9FEB241F274AA80086897B /* Model */,
				CAE186B41F1DF5BE0002B182 /* PlaceOrder */,
				CAF04F8C1F1CB71800A7E93A /* MenuList */,
				7E9FEB2C1F2755C20086897B /* Views */,
				CAF04F7A1F1CAFE900A7E93A /* AppDelegate.swift */,
				CAE186B71F1E07AC0002B182 /* HomeViewController.swift */,
				CAE186B91F1E33AA0002B182 /* Router.swift */,
				7E34B92C1F287AAF00F5E126 /* AppManager.swift */,
				7EF2424D1F2B6F1800A76398 /* Utilities.swift */,
				CAF04F7E1F1CAFE900A7E93A /* Main.storyboard */,
				CAF04F811F1CAFE900A7E93A /* Assets.xcassets */,
				CAF04F831F1CAFE900A7E93A /* LaunchScreen.storyboard */,
				CAF04F861F1CAFE900A7E93A /* Info.plist */,
				7E34B9241F28514E00F5E126 /* MenuItemList.json */,
			);
			path = Resto;
			sourceTree = "<group>";
		};
		CAF04F8C1F1CB71800A7E93A /* MenuList */ = {
			isa = PBXGroup;
			children = (
				CAF04F8D1F1CB79700A7E93A /* MenuTableViewController.swift */,
				CAF04F8F1F1CB7B100A7E93A /* MenuDetailsViewController.swift */,
				CAD3C6C61F1F394C00B6F5D0 /* MenuPreviewViewController.swift */,
			);
			path = MenuList;
			sourceTree = "<group>";
		};
		D99319AD1140D4E200A24127 /* Frameworks */ = {
			isa = PBXGroup;
			children = (
				49EBF4FA24116318A10DF768 /* Pods_Resto.framework */,
			);
			name = Frameworks;
			sourceTree = "<group>";
		};
/* End PBXGroup section */

/* Begin PBXNativeTarget section */
		CAF04F761F1CAFE900A7E93A /* Resto */ = {
			isa = PBXNativeTarget;
			buildConfigurationList = CAF04F891F1CAFE900A7E93A /* Build configuration list for PBXNativeTarget "Resto" */;
			buildPhases = (
				8338311CC7EFDF794185E640 /* 📦 Check Pods Manifest.lock */,
				CAF04F731F1CAFE900A7E93A /* Sources */,
				CAF04F741F1CAFE900A7E93A /* Frameworks */,
				CAF04F751F1CAFE900A7E93A /* Resources */,
				962F2DDC2EAC144F23A64B05 /* 📦 Embed Pods Frameworks */,
				74564C064FA89EE51A17E2BD /* 📦 Copy Pods Resources */,
			);
			buildRules = (
			);
			dependencies = (
			);
			name = Resto;
			productName = Resto;
			productReference = CAF04F771F1CAFE900A7E93A /* Resto.app */;
			productType = "com.apple.product-type.application";
		};
/* End PBXNativeTarget section */

/* Begin PBXProject section */
		CAF04F6F1F1CAFE900A7E93A /* Project object */ = {
			isa = PBXProject;
			attributes = {
				LastSwiftUpdateCheck = 0900;
				LastUpgradeCheck = 0900;
				ORGANIZATIONNAME = Synerzip;
				TargetAttributes = {
					CAF04F761F1CAFE900A7E93A = {
						CreatedOnToolsVersion = 9.0;
						DevelopmentTeam = 67822934AQ;
					};
				};
			};
			buildConfigurationList = CAF04F721F1CAFE900A7E93A /* Build configuration list for PBXProject "Resto" */;
			compatibilityVersion = "Xcode 6.3";
			developmentRegion = en;
			hasScannedForEncodings = 0;
			knownRegions = (
				en,
				Base,
			);
			mainGroup = CAF04F6E1F1CAFE900A7E93A;
			productRefGroup = CAF04F781F1CAFE900A7E93A /* Products */;
			projectDirPath = "";
			projectRoot = "";
			targets = (
				CAF04F761F1CAFE900A7E93A /* Resto */,
			);
		};
/* End PBXProject section */

/* Begin PBXResourcesBuildPhase section */
		CAF04F751F1CAFE900A7E93A /* Resources */ = {
			isa = PBXResourcesBuildPhase;
			buildActionMask = 2147483647;
			files = (
				7E34B9251F2851EE00F5E126 /* MenuItemList.json in Resources */,
				7E34B9331F28A8E500F5E126 /* OrderItemTableViewCell.xib in Resources */,
				CAF04F851F1CAFE900A7E93A /* LaunchScreen.storyboard in Resources */,
				CAF04F821F1CAFE900A7E93A /* Assets.xcassets in Resources */,
				7E9FEB301F2755DA0086897B /* MenuItemTableViewCell.xib in Resources */,
				7E34B9291F28542200F5E126 /* SuggessionItemCollectionViewCell.xib in Resources */,
				CAF04F801F1CAFE900A7E93A /* Main.storyboard in Resources */,
			);
			runOnlyForDeploymentPostprocessing = 0;
		};
/* End PBXResourcesBuildPhase section */

/* Begin PBXShellScriptBuildPhase section */
		74564C064FA89EE51A17E2BD /* 📦 Copy Pods Resources */ = {
			isa = PBXShellScriptBuildPhase;
			buildActionMask = 2147483647;
			files = (
			);
			inputPaths = (
			);
			name = "📦 Copy Pods Resources";
			outputPaths = (
			);
			runOnlyForDeploymentPostprocessing = 0;
			shellPath = /bin/sh;
			shellScript = "\"${SRCROOT}/Pods/Target Support Files/Pods-Resto/Pods-Resto-resources.sh\"\n";
			showEnvVarsInLog = 0;
		};
		8338311CC7EFDF794185E640 /* 📦 Check Pods Manifest.lock */ = {
			isa = PBXShellScriptBuildPhase;
			buildActionMask = 2147483647;
			files = (
			);
			inputPaths = (
			);
			name = "📦 Check Pods Manifest.lock";
			outputPaths = (
			);
			runOnlyForDeploymentPostprocessing = 0;
			shellPath = /bin/sh;
			shellScript = "diff \"${PODS_ROOT}/../Podfile.lock\" \"${PODS_ROOT}/Manifest.lock\" > /dev/null\nif [[ $? != 0 ]] ; then\n    cat << EOM\nerror: The sandbox is not in sync with the Podfile.lock. Run 'pod install' or update your CocoaPods installation.\nEOM\n    exit 1\nfi\n";
			showEnvVarsInLog = 0;
		};
		962F2DDC2EAC144F23A64B05 /* 📦 Embed Pods Frameworks */ = {
			isa = PBXShellScriptBuildPhase;
			buildActionMask = 2147483647;
			files = (
			);
			inputPaths = (
			);
			name = "📦 Embed Pods Frameworks";
			outputPaths = (
			);
			runOnlyForDeploymentPostprocessing = 0;
			shellPath = /bin/sh;
			shellScript = "\"${SRCROOT}/Pods/Target Support Files/Pods-Resto/Pods-Resto-frameworks.sh\"\n";
			showEnvVarsInLog = 0;
		};
/* End PBXShellScriptBuildPhase section */

/* Begin PBXSourcesBuildPhase section */
		CAF04F731F1CAFE900A7E93A /* Sources */ = {
			isa = PBXSourcesBuildPhase;
			buildActionMask = 2147483647;
			files = (
				CAE186B81F1E07AC0002B182 /* HomeViewController.swift in Sources */,
				7E34B9321F28A8E500F5E126 /* OrderItemTableViewCell.swift in Sources */,
				7EF2424E1F2B6F1800A76398 /* Utilities.swift in Sources */,
				CAF04F901F1CB7B100A7E93A /* MenuDetailsViewController.swift in Sources */,
				7E34B9281F28542200F5E126 /* SuggessionItemCollectionViewCell.swift in Sources */,
				7E34B92D1F287AAF00F5E126 /* AppManager.swift in Sources */,
				CAE186B61F1DF5E00002B182 /* PlaceOrderViewController.swift in Sources */,
				7E34B92F1F287C6300F5E126 /* OrderItem.swift in Sources */,
				CAF04F7B1F1CAFE900A7E93A /* AppDelegate.swift in Sources */,
				CAD3C6C71F1F394C00B6F5D0 /* MenuPreviewViewController.swift in Sources */,
				7E9FEB261F274ABD0086897B /* MenuItem.swift in Sources */,
				CAE186BA1F1E33AA0002B182 /* Router.swift in Sources */,
				CAF04F8E1F1CB79700A7E93A /* MenuTableViewController.swift in Sources */,
				7E9FEB2F1F2755DA0086897B /* MenuItemTableViewCell.swift in Sources */,
			);
			runOnlyForDeploymentPostprocessing = 0;
		};
/* End PBXSourcesBuildPhase section */

/* Begin PBXVariantGroup section */
		CAF04F7E1F1CAFE900A7E93A /* Main.storyboard */ = {
			isa = PBXVariantGroup;
			children = (
				CAF04F7F1F1CAFE900A7E93A /* Base */,
			);
			name = Main.storyboard;
			sourceTree = "<group>";
		};
		CAF04F831F1CAFE900A7E93A /* LaunchScreen.storyboard */ = {
			isa = PBXVariantGroup;
			children = (
				CAF04F841F1CAFE900A7E93A /* Base */,
			);
			name = LaunchScreen.storyboard;
			sourceTree = "<group>";
		};
/* End PBXVariantGroup section */

/* Begin XCBuildConfiguration section */
		CAF04F871F1CAFE900A7E93A /* Debug */ = {
			isa = XCBuildConfiguration;
			buildSettings = {
				ALWAYS_SEARCH_USER_PATHS = NO;
				CLANG_ANALYZER_NONNULL = YES;
				CLANG_ANALYZER_NUMBER_OBJECT_CONVERSION = YES_AGGRESSIVE;
				CLANG_CXX_LANGUAGE_STANDARD = "gnu++14";
				CLANG_CXX_LIBRARY = "libc++";
				CLANG_ENABLE_MODULES = YES;
				CLANG_ENABLE_OBJC_ARC = YES;
				CLANG_WARN_BLOCK_CAPTURE_AUTORELEASING = YES;
				CLANG_WARN_BOOL_CONVERSION = YES;
				CLANG_WARN_COMMA = YES;
				CLANG_WARN_CONSTANT_CONVERSION = YES;
				CLANG_WARN_DIRECT_OBJC_ISA_USAGE = YES_ERROR;
				CLANG_WARN_DOCUMENTATION_COMMENTS = YES;
				CLANG_WARN_EMPTY_BODY = YES;
				CLANG_WARN_ENUM_CONVERSION = YES;
				CLANG_WARN_INFINITE_RECURSION = YES;
				CLANG_WARN_INT_CONVERSION = YES;
				CLANG_WARN_NON_LITERAL_NULL_CONVERSION = YES;
				CLANG_WARN_OBJC_LITERAL_CONVERSION = YES;
				CLANG_WARN_OBJC_ROOT_CLASS = YES_ERROR;
				CLANG_WARN_RANGE_LOOP_ANALYSIS = YES;
				CLANG_WARN_STRICT_PROTOTYPES = YES;
				CLANG_WARN_SUSPICIOUS_MOVE = YES;
				CLANG_WARN_UNGUARDED_AVAILABILITY = YES_AGGRESSIVE;
				CLANG_WARN_UNREACHABLE_CODE = YES;
				CLANG_WARN__DUPLICATE_METHOD_MATCH = YES;
				CODE_SIGN_IDENTITY = "iPhone Developer";
				COPY_PHASE_STRIP = NO;
				DEBUG_INFORMATION_FORMAT = dwarf;
				ENABLE_STRICT_OBJC_MSGSEND = YES;
				ENABLE_TESTABILITY = YES;
				GCC_C_LANGUAGE_STANDARD = gnu11;
				GCC_DYNAMIC_NO_PIC = NO;
				GCC_NO_COMMON_BLOCKS = YES;
				GCC_OPTIMIZATION_LEVEL = 0;
				GCC_PREPROCESSOR_DEFINITIONS = (
					"DEBUG=1",
					"$(inherited)",
				);
				GCC_WARN_64_TO_32_BIT_CONVERSION = YES;
				GCC_WARN_ABOUT_RETURN_TYPE = YES_ERROR;
				GCC_WARN_UNDECLARED_SELECTOR = YES;
				GCC_WARN_UNINITIALIZED_AUTOS = YES_AGGRESSIVE;
				GCC_WARN_UNUSED_FUNCTION = YES;
				GCC_WARN_UNUSED_VARIABLE = YES;
				IPHONEOS_DEPLOYMENT_TARGET = 11.0;
				MTL_ENABLE_DEBUG_INFO = YES;
				ONLY_ACTIVE_ARCH = YES;
				SDKROOT = iphoneos;
				SWIFT_ACTIVE_COMPILATION_CONDITIONS = DEBUG;
				SWIFT_OPTIMIZATION_LEVEL = "-Onone";
			};
			name = Debug;
		};
		CAF04F881F1CAFE900A7E93A /* Release */ = {
			isa = XCBuildConfiguration;
			buildSettings = {
				ALWAYS_SEARCH_USER_PATHS = NO;
				CLANG_ANALYZER_NONNULL = YES;
				CLANG_ANALYZER_NUMBER_OBJECT_CONVERSION = YES_AGGRESSIVE;
				CLANG_CXX_LANGUAGE_STANDARD = "gnu++14";
				CLANG_CXX_LIBRARY = "libc++";
				CLANG_ENABLE_MODULES = YES;
				CLANG_ENABLE_OBJC_ARC = YES;
				CLANG_WARN_BLOCK_CAPTURE_AUTORELEASING = YES;
				CLANG_WARN_BOOL_CONVERSION = YES;
				CLANG_WARN_COMMA = YES;
				CLANG_WARN_CONSTANT_CONVERSION = YES;
				CLANG_WARN_DIRECT_OBJC_ISA_USAGE = YES_ERROR;
				CLANG_WARN_DOCUMENTATION_COMMENTS = YES;
				CLANG_WARN_EMPTY_BODY = YES;
				CLANG_WARN_ENUM_CONVERSION = YES;
				CLANG_WARN_INFINITE_RECURSION = YES;
				CLANG_WARN_INT_CONVERSION = YES;
				CLANG_WARN_NON_LITERAL_NULL_CONVERSION = YES;
				CLANG_WARN_OBJC_LITERAL_CONVERSION = YES;
				CLANG_WARN_OBJC_ROOT_CLASS = YES_ERROR;
				CLANG_WARN_RANGE_LOOP_ANALYSIS = YES;
				CLANG_WARN_STRICT_PROTOTYPES = YES;
				CLANG_WARN_SUSPICIOUS_MOVE = YES;
				CLANG_WARN_UNGUARDED_AVAILABILITY = YES_AGGRESSIVE;
				CLANG_WARN_UNREACHABLE_CODE = YES;
				CLANG_WARN__DUPLICATE_METHOD_MATCH = YES;
				CODE_SIGN_IDENTITY = "iPhone Developer";
				COPY_PHASE_STRIP = NO;
				DEBUG_INFORMATION_FORMAT = "dwarf-with-dsym";
				ENABLE_NS_ASSERTIONS = NO;
				ENABLE_STRICT_OBJC_MSGSEND = YES;
				GCC_C_LANGUAGE_STANDARD = gnu11;
				GCC_NO_COMMON_BLOCKS = YES;
				GCC_WARN_64_TO_32_BIT_CONVERSION = YES;
				GCC_WARN_ABOUT_RETURN_TYPE = YES_ERROR;
				GCC_WARN_UNDECLARED_SELECTOR = YES;
				GCC_WARN_UNINITIALIZED_AUTOS = YES_AGGRESSIVE;
				GCC_WARN_UNUSED_FUNCTION = YES;
				GCC_WARN_UNUSED_VARIABLE = YES;
				IPHONEOS_DEPLOYMENT_TARGET = 11.0;
				MTL_ENABLE_DEBUG_INFO = NO;
				SDKROOT = iphoneos;
				SWIFT_OPTIMIZATION_LEVEL = "-Owholemodule";
				VALIDATE_PRODUCT = YES;
			};
			name = Release;
		};
		CAF04F8A1F1CAFE900A7E93A /* Debug */ = {
			isa = XCBuildConfiguration;
			baseConfigurationReference = 62020DAED47F67CC4E00AEEB /* Pods-Resto.debug.xcconfig */;
			buildSettings = {
				ASSETCATALOG_COMPILER_APPICON_NAME = AppIcon;
				DEVELOPMENT_TEAM = 67822934AQ;
				INFOPLIST_FILE = Resto/Info.plist;
				LD_RUNPATH_SEARCH_PATHS = "$(inherited) @executable_path/Frameworks";
				PRODUCT_BUNDLE_IDENTIFIER = com.synerzip.Resto;
				PRODUCT_NAME = "$(TARGET_NAME)";
				SWIFT_VERSION = 4.0;
				TARGETED_DEVICE_FAMILY = 2;
			};
			name = Debug;
		};
		CAF04F8B1F1CAFE900A7E93A /* Release */ = {
			isa = XCBuildConfiguration;
			baseConfigurationReference = 777EEEEBD8A4E6BAFB15ED5D /* Pods-Resto.release.xcconfig */;
			buildSettings = {
				ASSETCATALOG_COMPILER_APPICON_NAME = AppIcon;
				DEVELOPMENT_TEAM = 67822934AQ;
				INFOPLIST_FILE = Resto/Info.plist;
				LD_RUNPATH_SEARCH_PATHS = "$(inherited) @executable_path/Frameworks";
				PRODUCT_BUNDLE_IDENTIFIER = com.synerzip.Resto;
				PRODUCT_NAME = "$(TARGET_NAME)";
				SWIFT_VERSION = 4.0;
				TARGETED_DEVICE_FAMILY = 2;
			};
			name = Release;
		};
/* End XCBuildConfiguration section */

/* Begin XCConfigurationList section */
		CAF04F721F1CAFE900A7E93A /* Build configuration list for PBXProject "Resto" */ = {
			isa = XCConfigurationList;
			buildConfigurations = (
				CAF04F871F1CAFE900A7E93A /* Debug */,
				CAF04F881F1CAFE900A7E93A /* Release */,
			);
			defaultConfigurationIsVisible = 0;
			defaultConfigurationName = Release;
		};
		CAF04F891F1CAFE900A7E93A /* Build configuration list for PBXNativeTarget "Resto" */ = {
			isa = XCConfigurationList;
			buildConfigurations = (
				CAF04F8A1F1CAFE900A7E93A /* Debug */,
				CAF04F8B1F1CAFE900A7E93A /* Release */,
			);
			defaultConfigurationIsVisible = 0;
			defaultConfigurationName = Release;
		};
/* End XCConfigurationList section */
	};
	rootObject = CAF04F6F1F1CAFE900A7E93A /* Project object */;
}
